
Microsoft Visual Studio Solution File, Format Version 12.00
# Visual Studio Version 17
VisualStudioVersion = 17.1.32319.34
MinimumVisualStudioVersion = 15.0.26124.0
Project("{2150E333-8FDC-42A3-9474-1A3956D46DE8}") = "src", "src", "{BEAB6640-D76A-49A3-8306-9245492854D0}"
EndProject
Project("{9A19103F-16F7-4668-BE54-9A1E7A4F7556}") = "Nullbot.DiscordNet", "src\Nullbot.DiscordNet\Nullbot.DiscordNet.csproj", "{3508EE58-69EA-430B-AA99-D6DC6A5D7FC8}"
EndProject
Project("{9A19103F-16F7-4668-BE54-9A1E7A4F7556}") = "Nullbot.DSharpPlus", "src\Nullbot.DSharpPlus\Nullbot.DSharpPlus.csproj", "{7D5C5251-82C3-4E38-8558-563C9457AE04}"
EndProject
Project("{FAE04EC0-301F-11D3-BF4B-00C04F79EFBC}") = "Nullbot.Derpibooru", "Nullbot.Derpibooru\Nullbot.Derpibooru.csproj", "{F4785CF2-4A8E-42E8-9739-9756557AEE8A}"
EndProject
Global
	GlobalSection(SolutionConfigurationPlatforms) = preSolution
		Debug|Any CPU = Debug|Any CPU
		Debug|x64 = Debug|x64
		Debug|x86 = Debug|x86
		Release|Any CPU = Release|Any CPU
		Release|x64 = Release|x64
		Release|x86 = Release|x86
	EndGlobalSection
	GlobalSection(ProjectConfigurationPlatforms) = postSolution
		{3508EE58-69EA-430B-AA99-D6DC6A5D7FC8}.Debug|Any CPU.ActiveCfg = Debug|Any CPU
		{3508EE58-69EA-430B-AA99-D6DC6A5D7FC8}.Debug|Any CPU.Build.0 = Debug|Any CPU
		{3508EE58-69EA-430B-AA99-D6DC6A5D7FC8}.Debug|x64.ActiveCfg = Debug|Any CPU
		{3508EE58-69EA-430B-AA99-D6DC6A5D7FC8}.Debug|x64.Build.0 = Debug|Any CPU
		{3508EE58-69EA-430B-AA99-D6DC6A5D7FC8}.Debug|x86.ActiveCfg = Debug|Any CPU
		{3508EE58-69EA-430B-AA99-D6DC6A5D7FC8}.Debug|x86.Build.0 = Debug|Any CPU
		{3508EE58-69EA-430B-AA99-D6DC6A5D7FC8}.Release|Any CPU.ActiveCfg = Release|Any CPU
		{3508EE58-69EA-430B-AA99-D6DC6A5D7FC8}.Release|Any CPU.Build.0 = Release|Any CPU
		{3508EE58-69EA-430B-AA99-D6DC6A5D7FC8}.Release|x64.ActiveCfg = Release|Any CPU
		{3508EE58-69EA-430B-AA99-D6DC6A5D7FC8}.Release|x64.Build.0 = Release|Any CPU
		{3508EE58-69EA-430B-AA99-D6DC6A5D7FC8}.Release|x86.ActiveCfg = Release|Any CPU
		{3508EE58-69EA-430B-AA99-D6DC6A5D7FC8}.Release|x86.Build.0 = Release|Any CPU
		{7D5C5251-82C3-4E38-8558-563C9457AE04}.Debug|Any CPU.ActiveCfg = Debug|Any CPU
		{7D5C5251-82C3-4E38-8558-563C9457AE04}.Debug|Any CPU.Build.0 = Debug|Any CPU
		{7D5C5251-82C3-4E38-8558-563C9457AE04}.Debug|x64.ActiveCfg = Debug|Any CPU
		{7D5C5251-82C3-4E38-8558-563C9457AE04}.Debug|x64.Build.0 = Debug|Any CPU
		{7D5C5251-82C3-4E38-8558-563C9457AE04}.Debug|x86.ActiveCfg = Debug|Any CPU
		{7D5C5251-82C3-4E38-8558-563C9457AE04}.Debug|x86.Build.0 = Debug|Any CPU
		{7D5C5251-82C3-4E38-8558-563C9457AE04}.Release|Any CPU.ActiveCfg = Release|Any CPU
		{7D5C5251-82C3-4E38-8558-563C9457AE04}.Release|Any CPU.Build.0 = Release|Any CPU
		{7D5C5251-82C3-4E38-8558-563C9457AE04}.Release|x64.ActiveCfg = Release|Any CPU
		{7D5C5251-82C3-4E38-8558-563C9457AE04}.Release|x64.Build.0 = Release|Any CPU
		{7D5C5251-82C3-4E38-8558-563C9457AE04}.Release|x86.ActiveCfg = Release|Any CPU
		{7D5C5251-82C3-4E38-8558-563C9457AE04}.Release|x86.Build.0 = Release|Any CPU
		{F4785CF2-4A8E-42E8-9739-9756557AEE8A}.Debug|Any CPU.ActiveCfg = Debug|Any CPU
		{F4785CF2-4A8E-42E8-9739-9756557AEE8A}.Debug|Any CPU.Build.0 = Debug|Any CPU
		{F4785CF2-4A8E-42E8-9739-9756557AEE8A}.Debug|x64.ActiveCfg = Debug|Any CPU
		{F4785CF2-4A8E-42E8-9739-9756557AEE8A}.Debug|x64.Build.0 = Debug|Any CPU
		{F4785CF2-4A8E-42E8-9739-9756557AEE8A}.Debug|x86.ActiveCfg = Debug|Any CPU
		{F4785CF2-4A8E-42E8-9739-9756557AEE8A}.Debug|x86.Build.0 = Debug|Any CPU
		{F4785CF2-4A8E-42E8-9739-9756557AEE8A}.Release|Any CPU.ActiveCfg = Release|Any CPU
		{F4785CF2-4A8E-42E8-9739-9756557AEE8A}.Release|Any CPU.Build.0 = Release|Any CPU
		{F4785CF2-4A8E-42E8-9739-9756557AEE8A}.Release|x64.ActiveCfg = Release|Any CPU
		{F4785CF2-4A8E-42E8-9739-9756557AEE8A}.Release|x64.Build.0 = Release|Any CPU
		{F4785CF2-4A8E-42E8-9739-9756557AEE8A}.Release|x86.ActiveCfg = Release|Any CPU
		{F4785CF2-4A8E-42E8-9739-9756557AEE8A}.Release|x86.Build.0 = Release|Any CPU
	EndGlobalSection
	GlobalSection(SolutionProperties) = preSolution
		HideSolutionNode = FALSE
	EndGlobalSection
	GlobalSection(NestedProjects) = preSolution
		{3508EE58-69EA-430B-AA99-D6DC6A5D7FC8} = {BEAB6640-D76A-49A3-8306-9245492854D0}
		{7D5C5251-82C3-4E38-8558-563C9457AE04} = {BEAB6640-D76A-49A3-8306-9245492854D0}
		{F4785CF2-4A8E-42E8-9739-9756557AEE8A} = {BEAB6640-D76A-49A3-8306-9245492854D0}
	EndGlobalSection
	GlobalSection(ExtensibilityGlobals) = postSolution
		SolutionGuid = {580EA754-9950-4E31-A2AB-3BFEBA16DDB5}
	EndGlobalSection
EndGlobal
